
Microsoft Visual Studio Solution File, Format Version 12.00
# Visual Studio Version 17
VisualStudioVersion = 17.5.33424.131
MinimumVisualStudioVersion = 10.0.40219.1
Project("{9A19103F-16F7-4668-BE54-9A1E7A4F7556}") = "PayPointTestTask", "PayPointTestTask\PayPointTestTask.csproj", "{3594638F-2A5A-4932-ADAA-0FA9C77BF422}"
EndProject
Project("{9A19103F-16F7-4668-BE54-9A1E7A4F7556}") = "TestConsole", "TestConsole\TestConsole.csproj", "{F6C47380-5F80-4830-ADD6-4501ED69C1BD}"
EndProject
Global
	GlobalSection(SolutionConfigurationPlatforms) = preSolution
		Debug|Any CPU = Debug|Any CPU
		Release|Any CPU = Release|Any CPU
	EndGlobalSection
	GlobalSection(ProjectConfigurationPlatforms) = postSolution
		{3594638F-2A5A-4932-ADAA-0FA9C77BF422}.Debug|Any CPU.ActiveCfg = Debug|Any CPU
		{3594638F-2A5A-4932-ADAA-0FA9C77BF422}.Debug|Any CPU.Build.0 = Debug|Any CPU
		{3594638F-2A5A-4932-ADAA-0FA9C77BF422}.Release|Any CPU.ActiveCfg = Release|Any CPU
		{3594638F-2A5A-4932-ADAA-0FA9C77BF422}.Release|Any CPU.Build.0 = Release|Any CPU
		{F6C47380-5F80-4830-ADD6-4501ED69C1BD}.Debug|Any CPU.ActiveCfg = Debug|Any CPU
		{F6C47380-5F80-4830-ADD6-4501ED69C1BD}.Debug|Any CPU.Build.0 = Debug|Any CPU
		{F6C47380-5F80-4830-ADD6-4501ED69C1BD}.Release|Any CPU.ActiveCfg = Release|Any CPU
		{F6C47380-5F80-4830-ADD6-4501ED69C1BD}.Release|Any CPU.Build.0 = Release|Any CPU
	EndGlobalSection
	GlobalSection(SolutionProperties) = preSolution
		HideSolutionNode = FALSE
	EndGlobalSection
	GlobalSection(ExtensibilityGlobals) = postSolution
		SolutionGuid = {B0E18406-CDDB-4AD4-9F51-9A5A6B5B0FD4}
	EndGlobalSection
EndGlobal
